// !$*UTF8*$!
{
	archiveVersion = 1;
	classes = {
	};
	objectVersion = 46;
	objects = {

/* Begin PBXAggregateTarget section */
		"MapCodableKit::MapCodableKitPackageTests::ProductTarget" /* MapCodableKitPackageTests */ = {
			isa = PBXAggregateTarget;
			buildConfigurationList = OBJ_46 /* Build configuration list for PBXAggregateTarget "MapCodableKitPackageTests" */;
			buildPhases = (
			);
			dependencies = (
				OBJ_49 /* PBXTargetDependency */,
			);
			name = MapCodableKitPackageTests;
			productName = MapCodableKitPackageTests;
		};
/* End PBXAggregateTarget section */

/* Begin PBXBuildFile section */
		DA3E508521B4AB70001450EC /* MapCodableKit_iOS.h in Headers */ = {isa = PBXBuildFile; fileRef = DA3E508321B4AB70001450EC /* MapCodableKit_iOS.h */; settings = {ATTRIBUTES = (Public, ); }; };
		DA3E508A21B4AF58001450EC /* MapCodableKitTests.swift in Sources */ = {isa = PBXBuildFile; fileRef = DA3E508921B4AF58001450EC /* MapCodableKitTests.swift */; };
		DA3E508C21B4BDFD001450EC /* MapKey.swift in Sources */ = {isa = PBXBuildFile; fileRef = DA3E508B21B4BDFD001450EC /* MapKey.swift */; };
		DA3E508F21B4BEA1001450EC /* URLCoder.swift in Sources */ = {isa = PBXBuildFile; fileRef = OBJ_10 /* URLCoder.swift */; };
		DA3E509021B4BEA3001450EC /* Map.swift in Sources */ = {isa = PBXBuildFile; fileRef = OBJ_11 /* Map.swift */; };
		DA3E509121B4BEA5001450EC /* MapCodable.swift in Sources */ = {isa = PBXBuildFile; fileRef = OBJ_12 /* MapCodable.swift */; };
		DA3E509221B4BEA7001450EC /* MapKey.swift in Sources */ = {isa = PBXBuildFile; fileRef = DA3E508B21B4BDFD001450EC /* MapKey.swift */; };
		DA3E509321B4BEAA001450EC /* MapCoder.swift in Sources */ = {isa = PBXBuildFile; fileRef = OBJ_14 /* MapCoder.swift */; };
		DA3E509421B4BEAC001450EC /* MapPrimitive.swift in Sources */ = {isa = PBXBuildFile; fileRef = OBJ_13 /* MapPrimitive.swift */; };
		DA3E509821B4F5AF001450EC /* String+Extensions.swift in Sources */ = {isa = PBXBuildFile; fileRef = DA3E509721B4F5AF001450EC /* String+Extensions.swift */; };
		DA3E509921B4F5AF001450EC /* String+Extensions.swift in Sources */ = {isa = PBXBuildFile; fileRef = DA3E509721B4F5AF001450EC /* String+Extensions.swift */; };
		DA3E509B21B4FB63001450EC /* MapKeyTests.swift in Sources */ = {isa = PBXBuildFile; fileRef = DA3E509A21B4FB63001450EC /* MapKeyTests.swift */; };
		DA77AA9221C8234700DE50B5 /* MapEncodingError.swift in Sources */ = {isa = PBXBuildFile; fileRef = DA77AA9121C8234700DE50B5 /* MapEncodingError.swift */; };
		DA7E1BD921E06F6D00CCB7E0 /* MapEncodingError.swift in Sources */ = {isa = PBXBuildFile; fileRef = DA77AA9121C8234700DE50B5 /* MapEncodingError.swift */; };
		DA7E1BDA21E06F6F00CCB7E0 /* MapDecodingError.swift in Sources */ = {isa = PBXBuildFile; fileRef = OBJ_15 /* MapDecodingError.swift */; };
		DAB8D07D21F3871B009A33CF /* MapCodableCoder.swift in Sources */ = {isa = PBXBuildFile; fileRef = DAB8D07C21F3871B009A33CF /* MapCodableCoder.swift */; };
		DAB8D07F21F39AA2009A33CF /* EncodableCoder.swift in Sources */ = {isa = PBXBuildFile; fileRef = DAB8D07E21F39AA2009A33CF /* EncodableCoder.swift */; };
		DAB8D08121F39C7E009A33CF /* RawRepresentableCoder.swift in Sources */ = {isa = PBXBuildFile; fileRef = DAB8D08021F39C7E009A33CF /* RawRepresentableCoder.swift */; };
		OBJ_32 /* URLCoder.swift in Sources */ = {isa = PBXBuildFile; fileRef = OBJ_10 /* URLCoder.swift */; };
		OBJ_33 /* Map.swift in Sources */ = {isa = PBXBuildFile; fileRef = OBJ_11 /* Map.swift */; };
		OBJ_34 /* MapCodable.swift in Sources */ = {isa = PBXBuildFile; fileRef = OBJ_12 /* MapCodable.swift */; };
		OBJ_35 /* MapPrimitive.swift in Sources */ = {isa = PBXBuildFile; fileRef = OBJ_13 /* MapPrimitive.swift */; };
		OBJ_36 /* MapCoder.swift in Sources */ = {isa = PBXBuildFile; fileRef = OBJ_14 /* MapCoder.swift */; };
		OBJ_37 /* MapDecodingError.swift in Sources */ = {isa = PBXBuildFile; fileRef = OBJ_15 /* MapDecodingError.swift */; };
		OBJ_44 /* Package.swift in Sources */ = {isa = PBXBuildFile; fileRef = OBJ_6 /* Package.swift */; };
		OBJ_55 /* MapPrimitiveTests.swift in Sources */ = {isa = PBXBuildFile; fileRef = OBJ_18 /* MapPrimitiveTests.swift */; };
		OBJ_56 /* MapCodableTests.swift in Sources */ = {isa = PBXBuildFile; fileRef = OBJ_19 /* MapCodableTests.swift */; };
		OBJ_59 /* MapRawRepresentableTests.swift in Sources */ = {isa = PBXBuildFile; fileRef = OBJ_22 /* MapRawRepresentableTests.swift */; };
		OBJ_62 /* MapCodableKit.framework in Frameworks */ = {isa = PBXBuildFile; fileRef = "MapCodableKit::MapCodableKit::Product" /* MapCodableKit.framework */; };
/* End PBXBuildFile section */

/* Begin PBXContainerItemProxy section */
		DA3E507A21B4AB32001450EC /* PBXContainerItemProxy */ = {
			isa = PBXContainerItemProxy;
			containerPortal = OBJ_1 /* Project object */;
			proxyType = 1;
			remoteGlobalIDString = "MapCodableKit::MapCodableKit";
			remoteInfo = MapCodableKit;
		};
		DA3E507B21B4AB32001450EC /* PBXContainerItemProxy */ = {
			isa = PBXContainerItemProxy;
			containerPortal = OBJ_1 /* Project object */;
			proxyType = 1;
			remoteGlobalIDString = "MapCodableKit::MapCodableKitTests";
			remoteInfo = MapCodableKitTests;
		};
/* End PBXContainerItemProxy section */

/* Begin PBXFileReference section */
		DA3E508121B4AB70001450EC /* MapCodableKit.framework */ = {isa = PBXFileReference; explicitFileType = wrapper.framework; includeInIndex = 0; path = MapCodableKit.framework; sourceTree = BUILT_PRODUCTS_DIR; };
		DA3E508321B4AB70001450EC /* MapCodableKit_iOS.h */ = {isa = PBXFileReference; lastKnownFileType = sourcecode.c.h; path = MapCodableKit_iOS.h; sourceTree = "<group>"; };
		DA3E508421B4AB70001450EC /* Info.plist */ = {isa = PBXFileReference; lastKnownFileType = text.plist.xml; path = Info.plist; sourceTree = "<group>"; };
		DA3E508921B4AF58001450EC /* MapCodableKitTests.swift */ = {isa = PBXFileReference; lastKnownFileType = sourcecode.swift; path = MapCodableKitTests.swift; sourceTree = "<group>"; };
		DA3E508B21B4BDFD001450EC /* MapKey.swift */ = {isa = PBXFileReference; lastKnownFileType = sourcecode.swift; path = MapKey.swift; sourceTree = "<group>"; };
		DA3E509721B4F5AF001450EC /* String+Extensions.swift */ = {isa = PBXFileReference; lastKnownFileType = sourcecode.swift; path = "String+Extensions.swift"; sourceTree = "<group>"; };
		DA3E509A21B4FB63001450EC /* MapKeyTests.swift */ = {isa = PBXFileReference; lastKnownFileType = sourcecode.swift; path = MapKeyTests.swift; sourceTree = "<group>"; };
		DA77AA9121C8234700DE50B5 /* MapEncodingError.swift */ = {isa = PBXFileReference; lastKnownFileType = sourcecode.swift; path = MapEncodingError.swift; sourceTree = "<group>"; };
		DAB8D07C21F3871B009A33CF /* MapCodableCoder.swift */ = {isa = PBXFileReference; lastKnownFileType = sourcecode.swift; path = MapCodableCoder.swift; sourceTree = "<group>"; };
		DAB8D07E21F39AA2009A33CF /* EncodableCoder.swift */ = {isa = PBXFileReference; lastKnownFileType = sourcecode.swift; path = EncodableCoder.swift; sourceTree = "<group>"; };
		DAB8D08021F39C7E009A33CF /* RawRepresentableCoder.swift */ = {isa = PBXFileReference; lastKnownFileType = sourcecode.swift; path = RawRepresentableCoder.swift; sourceTree = "<group>"; };
		"MapCodableKit::MapCodableKit::Product" /* MapCodableKit.framework */ = {isa = PBXFileReference; lastKnownFileType = wrapper.framework; path = MapCodableKit.framework; sourceTree = BUILT_PRODUCTS_DIR; };
		"MapCodableKit::MapCodableKitTests::Product" /* MapCodableKitTests.xctest */ = {isa = PBXFileReference; lastKnownFileType = file; path = MapCodableKitTests.xctest; sourceTree = BUILT_PRODUCTS_DIR; };
		OBJ_10 /* URLCoder.swift */ = {isa = PBXFileReference; lastKnownFileType = sourcecode.swift; path = URLCoder.swift; sourceTree = "<group>"; };
		OBJ_11 /* Map.swift */ = {isa = PBXFileReference; lastKnownFileType = sourcecode.swift; path = Map.swift; sourceTree = "<group>"; };
		OBJ_12 /* MapCodable.swift */ = {isa = PBXFileReference; lastKnownFileType = sourcecode.swift; path = MapCodable.swift; sourceTree = "<group>"; };
		OBJ_13 /* MapPrimitive.swift */ = {isa = PBXFileReference; lastKnownFileType = sourcecode.swift; path = MapPrimitive.swift; sourceTree = "<group>"; };
		OBJ_14 /* MapCoder.swift */ = {isa = PBXFileReference; lastKnownFileType = sourcecode.swift; path = MapCoder.swift; sourceTree = "<group>"; };
		OBJ_15 /* MapDecodingError.swift */ = {isa = PBXFileReference; lastKnownFileType = sourcecode.swift; path = MapDecodingError.swift; sourceTree = "<group>"; };
		OBJ_18 /* MapPrimitiveTests.swift */ = {isa = PBXFileReference; lastKnownFileType = sourcecode.swift; path = MapPrimitiveTests.swift; sourceTree = "<group>"; };
		OBJ_19 /* MapCodableTests.swift */ = {isa = PBXFileReference; lastKnownFileType = sourcecode.swift; path = MapCodableTests.swift; sourceTree = "<group>"; };
		OBJ_22 /* MapRawRepresentableTests.swift */ = {isa = PBXFileReference; lastKnownFileType = sourcecode.swift; path = MapRawRepresentableTests.swift; sourceTree = "<group>"; };
		OBJ_6 /* Package.swift */ = {isa = PBXFileReference; explicitFileType = sourcecode.swift; path = Package.swift; sourceTree = "<group>"; };
/* End PBXFileReference section */

/* Begin PBXFrameworksBuildPhase section */
		DA3E507E21B4AB70001450EC /* Frameworks */ = {
			isa = PBXFrameworksBuildPhase;
			buildActionMask = 2147483647;
			files = (
			);
			runOnlyForDeploymentPostprocessing = 0;
		};
		OBJ_38 /* Frameworks */ = {
			isa = PBXFrameworksBuildPhase;
			buildActionMask = 0;
			files = (
			);
			runOnlyForDeploymentPostprocessing = 0;
		};
		OBJ_61 /* Frameworks */ = {
			isa = PBXFrameworksBuildPhase;
			buildActionMask = 0;
			files = (
				OBJ_62 /* MapCodableKit.framework in Frameworks */,
			);
			runOnlyForDeploymentPostprocessing = 0;
		};
/* End PBXFrameworksBuildPhase section */

/* Begin PBXGroup section */
		DA3E508221B4AB70001450EC /* MapCodableKit iOS */ = {
			isa = PBXGroup;
			children = (
				DA3E508321B4AB70001450EC /* MapCodableKit_iOS.h */,
				DA3E508421B4AB70001450EC /* Info.plist */,
			);
			path = "MapCodableKit iOS";
			sourceTree = "<group>";
		};
		DA3E509621B4F59B001450EC /* Extensions */ = {
			isa = PBXGroup;
			children = (
				DA3E509721B4F5AF001450EC /* String+Extensions.swift */,
			);
			path = Extensions;
			sourceTree = "<group>";
		};
		DA77AA9021C8233700DE50B5 /* Errors */ = {
			isa = PBXGroup;
			children = (
				DA77AA9121C8234700DE50B5 /* MapEncodingError.swift */,
				OBJ_15 /* MapDecodingError.swift */,
			);
			path = Errors;
			sourceTree = "<group>";
		};
		OBJ_16 /* Tests */ = {
			isa = PBXGroup;
			children = (
				OBJ_17 /* MapCodableKitTests */,
			);
			path = Tests;
			sourceTree = SOURCE_ROOT;
		};
		OBJ_17 /* MapCodableKitTests */ = {
			isa = PBXGroup;
			children = (
				DA3E509A21B4FB63001450EC /* MapKeyTests.swift */,
				DA3E508921B4AF58001450EC /* MapCodableKitTests.swift */,
				OBJ_18 /* MapPrimitiveTests.swift */,
				OBJ_19 /* MapCodableTests.swift */,
				OBJ_22 /* MapRawRepresentableTests.swift */,
			);
			path = MapCodableKitTests;
			sourceTree = "<group>";
		};
		OBJ_24 /* Products */ = {
			isa = PBXGroup;
			children = (
				"MapCodableKit::MapCodableKit::Product" /* MapCodableKit.framework */,
				"MapCodableKit::MapCodableKitTests::Product" /* MapCodableKitTests.xctest */,
				DA3E508121B4AB70001450EC /* MapCodableKit.framework */,
			);
			name = Products;
			sourceTree = BUILT_PRODUCTS_DIR;
		};
		OBJ_5 = {
			isa = PBXGroup;
			children = (
				OBJ_6 /* Package.swift */,
				OBJ_7 /* Sources */,
				OBJ_16 /* Tests */,
				OBJ_24 /* Products */,
			);
			sourceTree = "<group>";
		};
		OBJ_7 /* Sources */ = {
			isa = PBXGroup;
			children = (
				OBJ_8 /* MapCodableKit */,
				DA3E508221B4AB70001450EC /* MapCodableKit iOS */,
			);
			path = Sources;
			sourceTree = SOURCE_ROOT;
		};
		OBJ_8 /* MapCodableKit */ = {
			isa = PBXGroup;
			children = (
				DA77AA9021C8233700DE50B5 /* Errors */,
				DA3E509621B4F59B001450EC /* Extensions */,
				OBJ_9 /* Encoders */,
				OBJ_11 /* Map.swift */,
				OBJ_12 /* MapCodable.swift */,
				DA3E508B21B4BDFD001450EC /* MapKey.swift */,
				OBJ_13 /* MapPrimitive.swift */,
				OBJ_14 /* MapCoder.swift */,
			);
			path = MapCodableKit;
			sourceTree = "<group>";
		};
		OBJ_9 /* Encoders */ = {
			isa = PBXGroup;
			children = (
				OBJ_10 /* URLCoder.swift */,
				DAB8D07C21F3871B009A33CF /* MapCodableCoder.swift */,
				DAB8D07E21F39AA2009A33CF /* EncodableCoder.swift */,
				DAB8D08021F39C7E009A33CF /* RawRepresentableCoder.swift */,
			);
			path = Encoders;
			sourceTree = "<group>";
		};
/* End PBXGroup section */

/* Begin PBXHeadersBuildPhase section */
		DA3E507C21B4AB70001450EC /* Headers */ = {
			isa = PBXHeadersBuildPhase;
			buildActionMask = 2147483647;
			files = (
				DA3E508521B4AB70001450EC /* MapCodableKit_iOS.h in Headers */,
			);
			runOnlyForDeploymentPostprocessing = 0;
		};
/* End PBXHeadersBuildPhase section */

/* Begin PBXNativeTarget section */
		DA3E508021B4AB70001450EC /* MapCodableKit iOS */ = {
			isa = PBXNativeTarget;
			buildConfigurationList = DA3E508821B4AB70001450EC /* Build configuration list for PBXNativeTarget "MapCodableKit iOS" */;
			buildPhases = (
				DA3E507C21B4AB70001450EC /* Headers */,
				DA3E507D21B4AB70001450EC /* Sources */,
				DA3E507E21B4AB70001450EC /* Frameworks */,
				DA3E507F21B4AB70001450EC /* Resources */,
			);
			buildRules = (
			);
			dependencies = (
			);
			name = "MapCodableKit iOS";
			productName = "MapCodableKit iOS";
			productReference = DA3E508121B4AB70001450EC /* MapCodableKit.framework */;
			productType = "com.apple.product-type.framework";
		};
		"MapCodableKit::MapCodableKit" /* MapCodableKit */ = {
			isa = PBXNativeTarget;
			buildConfigurationList = OBJ_28 /* Build configuration list for PBXNativeTarget "MapCodableKit" */;
			buildPhases = (
				OBJ_31 /* Sources */,
				OBJ_38 /* Frameworks */,
			);
			buildRules = (
			);
			dependencies = (
			);
			name = MapCodableKit;
			productName = MapCodableKit;
			productReference = "MapCodableKit::MapCodableKit::Product" /* MapCodableKit.framework */;
			productType = "com.apple.product-type.framework";
		};
		"MapCodableKit::MapCodableKitTests" /* MapCodableKitTests */ = {
			isa = PBXNativeTarget;
			buildConfigurationList = OBJ_51 /* Build configuration list for PBXNativeTarget "MapCodableKitTests" */;
			buildPhases = (
				OBJ_54 /* Sources */,
				OBJ_61 /* Frameworks */,
			);
			buildRules = (
			);
			dependencies = (
				OBJ_63 /* PBXTargetDependency */,
			);
			name = MapCodableKitTests;
			productName = MapCodableKitTests;
			productReference = "MapCodableKit::MapCodableKitTests::Product" /* MapCodableKitTests.xctest */;
			productType = "com.apple.product-type.bundle.unit-test";
		};
		"MapCodableKit::SwiftPMPackageDescription" /* MapCodableKitPackageDescription */ = {
			isa = PBXNativeTarget;
			buildConfigurationList = OBJ_40 /* Build configuration list for PBXNativeTarget "MapCodableKitPackageDescription" */;
			buildPhases = (
				OBJ_43 /* Sources */,
			);
			buildRules = (
			);
			dependencies = (
			);
			name = MapCodableKitPackageDescription;
			productName = MapCodableKitPackageDescription;
			productType = "com.apple.product-type.framework";
		};
/* End PBXNativeTarget section */

/* Begin PBXProject section */
		OBJ_1 /* Project object */ = {
			isa = PBXProject;
			attributes = {
				LastUpgradeCheck = 9999;
				TargetAttributes = {
					DA3E508021B4AB70001450EC = {
						CreatedOnToolsVersion = 10.0;
						LastSwiftMigration = 1000;
						ProvisioningStyle = Manual;
					};
				};
			};
			buildConfigurationList = OBJ_2 /* Build configuration list for PBXProject "MapCodableKit" */;
			compatibilityVersion = "Xcode 3.2";
			developmentRegion = English;
			hasScannedForEncodings = 0;
			knownRegions = (
				en,
			);
			mainGroup = OBJ_5;
			productRefGroup = OBJ_24 /* Products */;
			projectDirPath = "";
			projectRoot = "";
			targets = (
				"MapCodableKit::MapCodableKit" /* MapCodableKit */,
				"MapCodableKit::SwiftPMPackageDescription" /* MapCodableKitPackageDescription */,
				"MapCodableKit::MapCodableKitPackageTests::ProductTarget" /* MapCodableKitPackageTests */,
				"MapCodableKit::MapCodableKitTests" /* MapCodableKitTests */,
				DA3E508021B4AB70001450EC /* MapCodableKit iOS */,
			);
		};
/* End PBXProject section */

/* Begin PBXResourcesBuildPhase section */
		DA3E507F21B4AB70001450EC /* Resources */ = {
			isa = PBXResourcesBuildPhase;
			buildActionMask = 2147483647;
			files = (
			);
			runOnlyForDeploymentPostprocessing = 0;
		};
/* End PBXResourcesBuildPhase section */

/* Begin PBXSourcesBuildPhase section */
		DA3E507D21B4AB70001450EC /* Sources */ = {
			isa = PBXSourcesBuildPhase;
			buildActionMask = 2147483647;
			files = (
				DA7E1BD921E06F6D00CCB7E0 /* MapEncodingError.swift in Sources */,
				DA7E1BDA21E06F6F00CCB7E0 /* MapDecodingError.swift in Sources */,
				DA3E509421B4BEAC001450EC /* MapPrimitive.swift in Sources */,
				DA3E509321B4BEAA001450EC /* MapCoder.swift in Sources */,
				DA3E509021B4BEA3001450EC /* Map.swift in Sources */,
				DA3E508F21B4BEA1001450EC /* URLCoder.swift in Sources */,
				DA3E509921B4F5AF001450EC /* String+Extensions.swift in Sources */,
				DA3E509221B4BEA7001450EC /* MapKey.swift in Sources */,
				DA3E509121B4BEA5001450EC /* MapCodable.swift in Sources */,
			);
			runOnlyForDeploymentPostprocessing = 0;
		};
		OBJ_31 /* Sources */ = {
			isa = PBXSourcesBuildPhase;
			buildActionMask = 0;
			files = (
				OBJ_32 /* URLCoder.swift in Sources */,
				DAB8D08121F39C7E009A33CF /* RawRepresentableCoder.swift in Sources */,
				OBJ_33 /* Map.swift in Sources */,
				OBJ_34 /* MapCodable.swift in Sources */,
				OBJ_35 /* MapPrimitive.swift in Sources */,
				DA77AA9221C8234700DE50B5 /* MapEncodingError.swift in Sources */,
				DA3E509821B4F5AF001450EC /* String+Extensions.swift in Sources */,
				OBJ_36 /* MapCoder.swift in Sources */,
				OBJ_37 /* MapDecodingError.swift in Sources */,
				DA3E508C21B4BDFD001450EC /* MapKey.swift in Sources */,
				DAB8D07F21F39AA2009A33CF /* EncodableCoder.swift in Sources */,
				DAB8D07D21F3871B009A33CF /* MapCodableCoder.swift in Sources */,
			);
			runOnlyForDeploymentPostprocessing = 0;
		};
		OBJ_43 /* Sources */ = {
			isa = PBXSourcesBuildPhase;
			buildActionMask = 0;
			files = (
				OBJ_44 /* Package.swift in Sources */,
			);
			runOnlyForDeploymentPostprocessing = 0;
		};
		OBJ_54 /* Sources */ = {
			isa = PBXSourcesBuildPhase;
			buildActionMask = 0;
			files = (
				OBJ_55 /* MapPrimitiveTests.swift in Sources */,
				OBJ_56 /* MapCodableTests.swift in Sources */,
				DA3E508A21B4AF58001450EC /* MapCodableKitTests.swift in Sources */,
				OBJ_59 /* MapRawRepresentableTests.swift in Sources */,
				DA3E509B21B4FB63001450EC /* MapKeyTests.swift in Sources */,
			);
			runOnlyForDeploymentPostprocessing = 0;
		};
/* End PBXSourcesBuildPhase section */

/* Begin PBXTargetDependency section */
		OBJ_49 /* PBXTargetDependency */ = {
			isa = PBXTargetDependency;
			target = "MapCodableKit::MapCodableKitTests" /* MapCodableKitTests */;
			targetProxy = DA3E507B21B4AB32001450EC /* PBXContainerItemProxy */;
		};
		OBJ_63 /* PBXTargetDependency */ = {
			isa = PBXTargetDependency;
			target = "MapCodableKit::MapCodableKit" /* MapCodableKit */;
			targetProxy = DA3E507A21B4AB32001450EC /* PBXContainerItemProxy */;
		};
/* End PBXTargetDependency section */

/* Begin XCBuildConfiguration section */
		DA3E508621B4AB70001450EC /* Debug */ = {
			isa = XCBuildConfiguration;
			buildSettings = {
				ALWAYS_SEARCH_USER_PATHS = NO;
				APPLICATION_EXTENSION_API_ONLY = YES;
				CLANG_ANALYZER_NONNULL = YES;
				CLANG_ANALYZER_NUMBER_OBJECT_CONVERSION = YES_AGGRESSIVE;
				CLANG_CXX_LANGUAGE_STANDARD = "gnu++14";
				CLANG_CXX_LIBRARY = "libc++";
				CLANG_ENABLE_MODULES = YES;
				CLANG_ENABLE_OBJC_WEAK = YES;
				CLANG_WARN_BLOCK_CAPTURE_AUTORELEASING = YES;
				CLANG_WARN_BOOL_CONVERSION = YES;
				CLANG_WARN_COMMA = YES;
				CLANG_WARN_CONSTANT_CONVERSION = YES;
				CLANG_WARN_DEPRECATED_OBJC_IMPLEMENTATIONS = YES;
				CLANG_WARN_DIRECT_OBJC_ISA_USAGE = YES_ERROR;
				CLANG_WARN_DOCUMENTATION_COMMENTS = YES;
				CLANG_WARN_EMPTY_BODY = YES;
				CLANG_WARN_ENUM_CONVERSION = YES;
				CLANG_WARN_INFINITE_RECURSION = YES;
				CLANG_WARN_INT_CONVERSION = YES;
				CLANG_WARN_NON_LITERAL_NULL_CONVERSION = YES;
				CLANG_WARN_OBJC_IMPLICIT_RETAIN_SELF = YES;
				CLANG_WARN_OBJC_LITERAL_CONVERSION = YES;
				CLANG_WARN_OBJC_ROOT_CLASS = YES_ERROR;
				CLANG_WARN_RANGE_LOOP_ANALYSIS = YES;
				CLANG_WARN_STRICT_PROTOTYPES = YES;
				CLANG_WARN_SUSPICIOUS_MOVE = YES;
				CLANG_WARN_UNGUARDED_AVAILABILITY = YES_AGGRESSIVE;
				CLANG_WARN_UNREACHABLE_CODE = YES;
				CLANG_WARN__DUPLICATE_METHOD_MATCH = YES;
				CODE_SIGN_IDENTITY = "iPhone Developer";
				CODE_SIGN_STYLE = Manual;
				CURRENT_PROJECT_VERSION = 1;
				DEFINES_MODULE = YES;
				DEVELOPMENT_TEAM = "";
				DYLIB_COMPATIBILITY_VERSION = 1;
				DYLIB_CURRENT_VERSION = 1;
				DYLIB_INSTALL_NAME_BASE = "@rpath";
				ENABLE_STRICT_OBJC_MSGSEND = YES;
				ENABLE_TESTABILITY = YES;
				GCC_C_LANGUAGE_STANDARD = gnu11;
				GCC_DYNAMIC_NO_PIC = NO;
				GCC_NO_COMMON_BLOCKS = YES;
				GCC_WARN_64_TO_32_BIT_CONVERSION = YES;
				GCC_WARN_ABOUT_RETURN_TYPE = YES_ERROR;
				GCC_WARN_UNDECLARED_SELECTOR = YES;
				GCC_WARN_UNINITIALIZED_AUTOS = YES_AGGRESSIVE;
				GCC_WARN_UNUSED_FUNCTION = YES;
				GCC_WARN_UNUSED_VARIABLE = YES;
				INFOPLIST_FILE = "Sources/MapCodableKit iOS/Info.plist";
				INSTALL_PATH = "$(LOCAL_LIBRARY_DIR)/Frameworks";
				IPHONEOS_DEPLOYMENT_TARGET = 8.0;
				LD_RUNPATH_SEARCH_PATHS = "$(inherited) @executable_path/Frameworks @loader_path/Frameworks";
				MTL_ENABLE_DEBUG_INFO = INCLUDE_SOURCE;
				MTL_FAST_MATH = YES;
				PRODUCT_BUNDLE_IDENTIFIER = com.jacobsikorski.MapCodableKit;
				PRODUCT_NAME = "$(PROJECT_NAME)";
				PROVISIONING_PROFILE_SPECIFIER = "";
				SDKROOT = iphoneos;
				SKIP_INSTALL = YES;
				SWIFT_ACTIVE_COMPILATION_CONDITIONS = DEBUG;
				SWIFT_OPTIMIZATION_LEVEL = "-Onone";
				SWIFT_VERSION = 4.2;
				TARGETED_DEVICE_FAMILY = "1,2";
				VERSIONING_SYSTEM = "apple-generic";
				VERSION_INFO_PREFIX = "";
			};
			name = Debug;
		};
		DA3E508721B4AB70001450EC /* Release */ = {
			isa = XCBuildConfiguration;
			buildSettings = {
				ALWAYS_SEARCH_USER_PATHS = NO;
				APPLICATION_EXTENSION_API_ONLY = YES;
				CLANG_ANALYZER_NONNULL = YES;
				CLANG_ANALYZER_NUMBER_OBJECT_CONVERSION = YES_AGGRESSIVE;
				CLANG_CXX_LANGUAGE_STANDARD = "gnu++14";
				CLANG_CXX_LIBRARY = "libc++";
				CLANG_ENABLE_MODULES = YES;
				CLANG_ENABLE_OBJC_WEAK = YES;
				CLANG_WARN_BLOCK_CAPTURE_AUTORELEASING = YES;
				CLANG_WARN_BOOL_CONVERSION = YES;
				CLANG_WARN_COMMA = YES;
				CLANG_WARN_CONSTANT_CONVERSION = YES;
				CLANG_WARN_DEPRECATED_OBJC_IMPLEMENTATIONS = YES;
				CLANG_WARN_DIRECT_OBJC_ISA_USAGE = YES_ERROR;
				CLANG_WARN_DOCUMENTATION_COMMENTS = YES;
				CLANG_WARN_EMPTY_BODY = YES;
				CLANG_WARN_ENUM_CONVERSION = YES;
				CLANG_WARN_INFINITE_RECURSION = YES;
				CLANG_WARN_INT_CONVERSION = YES;
				CLANG_WARN_NON_LITERAL_NULL_CONVERSION = YES;
				CLANG_WARN_OBJC_IMPLICIT_RETAIN_SELF = YES;
				CLANG_WARN_OBJC_LITERAL_CONVERSION = YES;
				CLANG_WARN_OBJC_ROOT_CLASS = YES_ERROR;
				CLANG_WARN_RANGE_LOOP_ANALYSIS = YES;
				CLANG_WARN_STRICT_PROTOTYPES = YES;
				CLANG_WARN_SUSPICIOUS_MOVE = YES;
				CLANG_WARN_UNGUARDED_AVAILABILITY = YES_AGGRESSIVE;
				CLANG_WARN_UNREACHABLE_CODE = YES;
				CLANG_WARN__DUPLICATE_METHOD_MATCH = YES;
				CODE_SIGN_IDENTITY = "iPhone Developer";
				CODE_SIGN_STYLE = Manual;
				COPY_PHASE_STRIP = NO;
				CURRENT_PROJECT_VERSION = 1;
				DEFINES_MODULE = YES;
				DEVELOPMENT_TEAM = "";
				DYLIB_COMPATIBILITY_VERSION = 1;
				DYLIB_CURRENT_VERSION = 1;
				DYLIB_INSTALL_NAME_BASE = "@rpath";
				ENABLE_NS_ASSERTIONS = NO;
				ENABLE_STRICT_OBJC_MSGSEND = YES;
				GCC_C_LANGUAGE_STANDARD = gnu11;
				GCC_NO_COMMON_BLOCKS = YES;
				GCC_WARN_64_TO_32_BIT_CONVERSION = YES;
				GCC_WARN_ABOUT_RETURN_TYPE = YES_ERROR;
				GCC_WARN_UNDECLARED_SELECTOR = YES;
				GCC_WARN_UNINITIALIZED_AUTOS = YES_AGGRESSIVE;
				GCC_WARN_UNUSED_FUNCTION = YES;
				GCC_WARN_UNUSED_VARIABLE = YES;
				INFOPLIST_FILE = "Sources/MapCodableKit iOS/Info.plist";
				INSTALL_PATH = "$(LOCAL_LIBRARY_DIR)/Frameworks";
				IPHONEOS_DEPLOYMENT_TARGET = 8.0;
				LD_RUNPATH_SEARCH_PATHS = "$(inherited) @executable_path/Frameworks @loader_path/Frameworks";
				MTL_ENABLE_DEBUG_INFO = NO;
				MTL_FAST_MATH = YES;
				PRODUCT_BUNDLE_IDENTIFIER = com.jacobsikorski.MapCodableKit;
				PRODUCT_NAME = "$(PROJECT_NAME)";
				PROVISIONING_PROFILE_SPECIFIER = "";
				SDKROOT = iphoneos;
				SKIP_INSTALL = YES;
				SWIFT_VERSION = 4.2;
				TARGETED_DEVICE_FAMILY = "1,2";
				VALIDATE_PRODUCT = YES;
				VERSIONING_SYSTEM = "apple-generic";
				VERSION_INFO_PREFIX = "";
			};
			name = Release;
		};
		OBJ_29 /* Debug */ = {
			isa = XCBuildConfiguration;
			buildSettings = {
				ENABLE_TESTABILITY = YES;
				FRAMEWORK_SEARCH_PATHS = (
					"$(inherited)",
					"$(PLATFORM_DIR)/Developer/Library/Frameworks",
				);
				HEADER_SEARCH_PATHS = "$(inherited)";
				INFOPLIST_FILE = MapCodableKit.xcodeproj/MapCodableKit_Info.plist;
				LD_RUNPATH_SEARCH_PATHS = "$(inherited) $(TOOLCHAIN_DIR)/usr/lib/swift/macosx";
				OTHER_CFLAGS = "$(inherited)";
				OTHER_LDFLAGS = "$(inherited)";
				OTHER_SWIFT_FLAGS = "$(inherited)";
				PRODUCT_BUNDLE_IDENTIFIER = MapCodableKit;
				PRODUCT_MODULE_NAME = "$(TARGET_NAME:c99extidentifier)";
				PRODUCT_NAME = "$(TARGET_NAME:c99extidentifier)";
				SKIP_INSTALL = YES;
				SWIFT_ACTIVE_COMPILATION_CONDITIONS = "$(inherited)";
				SWIFT_VERSION = 4.0;
				TARGET_NAME = MapCodableKit;
			};
			name = Debug;
		};
		OBJ_3 /* Debug */ = {
			isa = XCBuildConfiguration;
			buildSettings = {
				CLANG_ENABLE_OBJC_ARC = YES;
				COMBINE_HIDPI_IMAGES = YES;
				COPY_PHASE_STRIP = NO;
				DEBUG_INFORMATION_FORMAT = dwarf;
				DYLIB_INSTALL_NAME_BASE = "@rpath";
				ENABLE_NS_ASSERTIONS = YES;
				GCC_OPTIMIZATION_LEVEL = 0;
				GCC_PREPROCESSOR_DEFINITIONS = (
					"DEBUG=1",
					"$(inherited)",
				);
				MACOSX_DEPLOYMENT_TARGET = 10.10;
				ONLY_ACTIVE_ARCH = YES;
				OTHER_SWIFT_FLAGS = "-DXcode";
				PRODUCT_NAME = "$(TARGET_NAME)";
				SDKROOT = macosx;
				SUPPORTED_PLATFORMS = "macosx iphoneos iphonesimulator appletvos appletvsimulator watchos watchsimulator";
				SWIFT_ACTIVE_COMPILATION_CONDITIONS = "SWIFT_PACKAGE DEBUG";
				SWIFT_OPTIMIZATION_LEVEL = "-Onone";
				USE_HEADERMAP = NO;
			};
			name = Debug;
		};
		OBJ_30 /* Release */ = {
			isa = XCBuildConfiguration;
			buildSettings = {
				ENABLE_TESTABILITY = YES;
				FRAMEWORK_SEARCH_PATHS = (
					"$(inherited)",
					"$(PLATFORM_DIR)/Developer/Library/Frameworks",
				);
				HEADER_SEARCH_PATHS = "$(inherited)";
				INFOPLIST_FILE = MapCodableKit.xcodeproj/MapCodableKit_Info.plist;
				LD_RUNPATH_SEARCH_PATHS = "$(inherited) $(TOOLCHAIN_DIR)/usr/lib/swift/macosx";
				OTHER_CFLAGS = "$(inherited)";
				OTHER_LDFLAGS = "$(inherited)";
				OTHER_SWIFT_FLAGS = "$(inherited)";
				PRODUCT_BUNDLE_IDENTIFIER = MapCodableKit;
				PRODUCT_MODULE_NAME = "$(TARGET_NAME:c99extidentifier)";
				PRODUCT_NAME = "$(TARGET_NAME:c99extidentifier)";
				SKIP_INSTALL = YES;
				SWIFT_ACTIVE_COMPILATION_CONDITIONS = "$(inherited)";
				SWIFT_VERSION = 4.0;
				TARGET_NAME = MapCodableKit;
			};
			name = Release;
		};
		OBJ_4 /* Release */ = {
			isa = XCBuildConfiguration;
			buildSettings = {
				CLANG_ENABLE_OBJC_ARC = YES;
				COMBINE_HIDPI_IMAGES = YES;
				COPY_PHASE_STRIP = YES;
				DEBUG_INFORMATION_FORMAT = "dwarf-with-dsym";
				DYLIB_INSTALL_NAME_BASE = "@rpath";
				GCC_OPTIMIZATION_LEVEL = s;
				MACOSX_DEPLOYMENT_TARGET = 10.10;
				OTHER_SWIFT_FLAGS = "-DXcode";
				PRODUCT_NAME = "$(TARGET_NAME)";
				SDKROOT = macosx;
				SUPPORTED_PLATFORMS = "macosx iphoneos iphonesimulator appletvos appletvsimulator watchos watchsimulator";
				SWIFT_ACTIVE_COMPILATION_CONDITIONS = SWIFT_PACKAGE;
				SWIFT_OPTIMIZATION_LEVEL = "-Owholemodule";
				USE_HEADERMAP = NO;
			};
			name = Release;
		};
		OBJ_41 /* Debug */ = {
			isa = XCBuildConfiguration;
			buildSettings = {
				LD = /usr/bin/true;
				OTHER_SWIFT_FLAGS = "-swift-version 4 -I $(TOOLCHAIN_DIR)/usr/lib/swift/pm/4 -target x86_64-apple-macosx10.10 -sdk /Applications/Xcode.app/Contents/Developer/Platforms/MacOSX.platform/Developer/SDKs/MacOSX10.14.sdk";
				SWIFT_VERSION = 4.0;
			};
			name = Debug;
		};
		OBJ_42 /* Release */ = {
			isa = XCBuildConfiguration;
			buildSettings = {
				LD = /usr/bin/true;
				OTHER_SWIFT_FLAGS = "-swift-version 4 -I $(TOOLCHAIN_DIR)/usr/lib/swift/pm/4 -target x86_64-apple-macosx10.10 -sdk /Applications/Xcode.app/Contents/Developer/Platforms/MacOSX.platform/Developer/SDKs/MacOSX10.14.sdk";
				SWIFT_VERSION = 4.0;
			};
			name = Release;
		};
		OBJ_47 /* Debug */ = {
			isa = XCBuildConfiguration;
			buildSettings = {
			};
			name = Debug;
		};
		OBJ_48 /* Release */ = {
			isa = XCBuildConfiguration;
			buildSettings = {
			};
			name = Release;
		};
		OBJ_52 /* Debug */ = {
			isa = XCBuildConfiguration;
			buildSettings = {
				CLANG_ENABLE_MODULES = YES;
				EMBEDDED_CONTENT_CONTAINS_SWIFT = YES;
				FRAMEWORK_SEARCH_PATHS = (
					"$(inherited)",
					"$(PLATFORM_DIR)/Developer/Library/Frameworks",
				);
				HEADER_SEARCH_PATHS = "$(inherited)";
				INFOPLIST_FILE = MapCodableKit.xcodeproj/MapCodableKitTests_Info.plist;
				LD_RUNPATH_SEARCH_PATHS = "$(inherited) @loader_path/../Frameworks @loader_path/Frameworks";
				OTHER_CFLAGS = "$(inherited)";
				OTHER_LDFLAGS = "$(inherited)";
				OTHER_SWIFT_FLAGS = "$(inherited)";
				SWIFT_ACTIVE_COMPILATION_CONDITIONS = "$(inherited)";
				SWIFT_VERSION = 4.0;
				TARGET_NAME = MapCodableKitTests;
			};
			name = Debug;
		};
		OBJ_53 /* Release */ = {
			isa = XCBuildConfiguration;
			buildSettings = {
				CLANG_ENABLE_MODULES = YES;
				EMBEDDED_CONTENT_CONTAINS_SWIFT = YES;
				FRAMEWORK_SEARCH_PATHS = (
					"$(inherited)",
					"$(PLATFORM_DIR)/Developer/Library/Frameworks",
				);
				HEADER_SEARCH_PATHS = "$(inherited)";
				INFOPLIST_FILE = MapCodableKit.xcodeproj/MapCodableKitTests_Info.plist;
				LD_RUNPATH_SEARCH_PATHS = "$(inherited) @loader_path/../Frameworks @loader_path/Frameworks";
				OTHER_CFLAGS = "$(inherited)";
				OTHER_LDFLAGS = "$(inherited)";
				OTHER_SWIFT_FLAGS = "$(inherited)";
				SWIFT_ACTIVE_COMPILATION_CONDITIONS = "$(inherited)";
				SWIFT_VERSION = 4.0;
				TARGET_NAME = MapCodableKitTests;
			};
			name = Release;
		};
/* End XCBuildConfiguration section */

/* Begin XCConfigurationList section */
		DA3E508821B4AB70001450EC /* Build configuration list for PBXNativeTarget "MapCodableKit iOS" */ = {
			isa = XCConfigurationList;
			buildConfigurations = (
				DA3E508621B4AB70001450EC /* Debug */,
				DA3E508721B4AB70001450EC /* Release */,
			);
			defaultConfigurationIsVisible = 0;
			defaultConfigurationName = Release;
		};
		OBJ_2 /* Build configuration list for PBXProject "MapCodableKit" */ = {
			isa = XCConfigurationList;
			buildConfigurations = (
				OBJ_3 /* Debug */,
				OBJ_4 /* Release */,
			);
			defaultConfigurationIsVisible = 0;
			defaultConfigurationName = Release;
		};
		OBJ_28 /* Build configuration list for PBXNativeTarget "MapCodableKit" */ = {
			isa = XCConfigurationList;
			buildConfigurations = (
				OBJ_29 /* Debug */,
				OBJ_30 /* Release */,
			);
			defaultConfigurationIsVisible = 0;
			defaultConfigurationName = Release;
		};
		OBJ_40 /* Build configuration list for PBXNativeTarget "MapCodableKitPackageDescription" */ = {
			isa = XCConfigurationList;
			buildConfigurations = (
				OBJ_41 /* Debug */,
				OBJ_42 /* Release */,
			);
			defaultConfigurationIsVisible = 0;
			defaultConfigurationName = Release;
		};
		OBJ_46 /* Build configuration list for PBXAggregateTarget "MapCodableKitPackageTests" */ = {
			isa = XCConfigurationList;
			buildConfigurations = (
				OBJ_47 /* Debug */,
				OBJ_48 /* Release */,
			);
			defaultConfigurationIsVisible = 0;
			defaultConfigurationName = Release;
		};
		OBJ_51 /* Build configuration list for PBXNativeTarget "MapCodableKitTests" */ = {
			isa = XCConfigurationList;
			buildConfigurations = (
				OBJ_52 /* Debug */,
				OBJ_53 /* Release */,
			);
			defaultConfigurationIsVisible = 0;
			defaultConfigurationName = Release;
		};
/* End XCConfigurationList section */
	};
	rootObject = OBJ_1 /* Project object */;
}
